
Microsoft Visual Studio Solution File, Format Version 12.00
# Visual Studio Version 17
VisualStudioVersion = 17.5.33424.131
MinimumVisualStudioVersion = 10.0.40219.1
Project("{FAE04EC0-301F-11D3-BF4B-00C04F79EFBC}") = "Tramy.Backend", "Tramy2023\Tramy.Backend.csproj", "{ADE2A736-A0B9-4A5B-AECC-DE19DDC919F8}"
EndProject
Project("{FAE04EC0-301F-11D3-BF4B-00C04F79EFBC}") = "Tramy.Common", "Tramy.Common\Tramy.Common.csproj", "{BA433FAA-9307-4D4B-B1A3-BC6DA7690AA8}"
EndProject
Global
	GlobalSection(SolutionConfigurationPlatforms) = preSolution
		Debug|Any CPU = Debug|Any CPU
		Release|Any CPU = Release|Any CPU
	EndGlobalSection
	GlobalSection(ProjectConfigurationPlatforms) = postSolution
		{ADE2A736-A0B9-4A5B-AECC-DE19DDC919F8}.Debug|Any CPU.ActiveCfg = Debug|Any CPU
		{ADE2A736-A0B9-4A5B-AECC-DE19DDC919F8}.Debug|Any CPU.Build.0 = Debug|Any CPU
		{ADE2A736-A0B9-4A5B-AECC-DE19DDC919F8}.Release|Any CPU.ActiveCfg = Release|Any CPU
		{ADE2A736-A0B9-4A5B-AECC-DE19DDC919F8}.Release|Any CPU.Build.0 = Release|Any CPU
		{BA433FAA-9307-4D4B-B1A3-BC6DA7690AA8}.Debug|Any CPU.ActiveCfg = Debug|Any CPU
		{BA433FAA-9307-4D4B-B1A3-BC6DA7690AA8}.Debug|Any CPU.Build.0 = Debug|Any CPU
		{BA433FAA-9307-4D4B-B1A3-BC6DA7690AA8}.Release|Any CPU.ActiveCfg = Release|Any CPU
		{BA433FAA-9307-4D4B-B1A3-BC6DA7690AA8}.Release|Any CPU.Build.0 = Release|Any CPU
	EndGlobalSection
	GlobalSection(SolutionProperties) = preSolution
		HideSolutionNode = FALSE
	EndGlobalSection
	GlobalSection(ExtensibilityGlobals) = postSolution
		SolutionGuid = {5DA67140-C658-4ECD-923A-6C42B58EA5F0}
	EndGlobalSection
EndGlobal
